// !$*UTF8*$!
{
	archiveVersion = 1;
	classes = {
	};
	objectVersion = 48;
	objects = {

/* Begin PBXBuildFile section */
		511BAA7D1F985191001A0C83 /* EEGPUZipBruteforcerEngine.mm in Sources */ = {isa = PBXBuildFile; fileRef = 511BAA7C1F985191001A0C83 /* EEGPUZipBruteforcerEngine.mm */; };
		511BAA971F9AD992001A0C83 /* crc32_table.metal in Sources */ = {isa = PBXBuildFile; fileRef = 511BAA961F9AD992001A0C83 /* crc32_table.metal */; };
		51BD1F551F8E825400981677 /* Metal.framework in Frameworks */ = {isa = PBXBuildFile; fileRef = 51BD1F541F8E825400981677 /* Metal.framework */; };
		51BD1F571F8E829D00981677 /* zip_bruteforcer.metal in Sources */ = {isa = PBXBuildFile; fileRef = 51BD1F561F8E829D00981677 /* zip_bruteforcer.metal */; };
		51CFDEC41F9C73EB0004C59B /* libArgumentParser-Static.a in Frameworks */ = {isa = PBXBuildFile; fileRef = 51CFDEC11F9C73C80004C59B /* libArgumentParser-Static.a */; };
		51CFDECC1F9D22570004C59B /* main.mm in Sources */ = {isa = PBXBuildFile; fileRef = 51BD1F271F8D784100981677 /* main.mm */; };
		51CFDED01F9D33AE0004C59B /* EEGPUZipCracker.mm in Sources */ = {isa = PBXBuildFile; fileRef = 51CFDECF1F9D33AE0004C59B /* EEGPUZipCracker.mm */; };
		51CFDED31F9D474C0004C59B /* cpuDecryptEngine.cpp in Sources */ = {isa = PBXBuildFile; fileRef = 51CFDED11F9D474C0004C59B /* cpuDecryptEngine.cpp */; };
		51CFDED61F9D4F850004C59B /* EEZipParser.mm in Sources */ = {isa = PBXBuildFile; fileRef = 51CFDED51F9D4F850004C59B /* EEZipParser.mm */; };
		51CFDED91F9E802A0004C59B /* test.zip in CopyFiles */ = {isa = PBXBuildFile; fileRef = 51CFDED81F9E80030004C59B /* test.zip */; };
/* End PBXBuildFile section */

/* Begin PBXContainerItemProxy section */
		51CFDEB81F9C73C80004C59B /* PBXContainerItemProxy */ = {
			isa = PBXContainerItemProxy;
			containerPortal = 51CFDEAF1F9C73C80004C59B /* ArgumentParser.xcodeproj */;
			proxyType = 2;
			remoteGlobalIDString = DACF2EC414FD3B2F0097C754;
			remoteInfo = desc;
		};
		51CFDEBA1F9C73C80004C59B /* PBXContainerItemProxy */ = {
			isa = PBXContainerItemProxy;
			containerPortal = 51CFDEAF1F9C73C80004C59B /* ArgumentParser.xcodeproj */;
			proxyType = 2;
			remoteGlobalIDString = DACF2EDF14FD3B630097C754;
			remoteInfo = "long-desc";
		};
		51CFDEBC1F9C73C80004C59B /* PBXContainerItemProxy */ = {
			isa = PBXContainerItemProxy;
			containerPortal = 51CFDEAF1F9C73C80004C59B /* ArgumentParser.xcodeproj */;
			proxyType = 2;
			remoteGlobalIDString = DACF2EF214FD3B7A0097C754;
			remoteInfo = spiffy;
		};
		51CFDEBE1F9C73C80004C59B /* PBXContainerItemProxy */ = {
			isa = PBXContainerItemProxy;
			containerPortal = 51CFDEAF1F9C73C80004C59B /* ArgumentParser.xcodeproj */;
			proxyType = 2;
			remoteGlobalIDString = DA00447A155D94FF0028A012;
			remoteInfo = "ArgumentParser-Dynamic";
		};
		51CFDEC01F9C73C80004C59B /* PBXContainerItemProxy */ = {
			isa = PBXContainerItemProxy;
			containerPortal = 51CFDEAF1F9C73C80004C59B /* ArgumentParser.xcodeproj */;
			proxyType = 2;
			remoteGlobalIDString = DA87348918970AB800113896;
			remoteInfo = "ArgumentParser-Static";
		};
		51CFDEC21F9C73C80004C59B /* PBXContainerItemProxy */ = {
			isa = PBXContainerItemProxy;
			containerPortal = 51CFDEAF1F9C73C80004C59B /* ArgumentParser.xcodeproj */;
			proxyType = 2;
			remoteGlobalIDString = DA01E2FF1A8471E20012BCAE;
			remoteInfo = "ArgumentParser-Dynamic Tests";
		};
/* End PBXContainerItemProxy section */

/* Begin PBXCopyFilesBuildPhase section */
		51BD1F221F8D784100981677 /* CopyFiles */ = {
			isa = PBXCopyFilesBuildPhase;
			buildActionMask = 12;
			dstPath = "";
			dstSubfolderSpec = 6;
			files = (
				51CFDED91F9E802A0004C59B /* test.zip in CopyFiles */,
			);
			runOnlyForDeploymentPostprocessing = 0;
		};
/* End PBXCopyFilesBuildPhase section */

/* Begin PBXFileReference section */
		511BAA7B1F985191001A0C83 /* EEGPUZipBruteforcerEngine.h */ = {isa = PBXFileReference; lastKnownFileType = sourcecode.c.h; path = EEGPUZipBruteforcerEngine.h; sourceTree = "<group>"; };
		511BAA7C1F985191001A0C83 /* EEGPUZipBruteforcerEngine.mm */ = {isa = PBXFileReference; lastKnownFileType = sourcecode.cpp.objcpp; path = EEGPUZipBruteforcerEngine.mm; sourceTree = "<group>"; };
		511BAA961F9AD992001A0C83 /* crc32_table.metal */ = {isa = PBXFileReference; lastKnownFileType = sourcecode.metal; path = crc32_table.metal; sourceTree = "<group>"; };
		51BD1F241F8D784100981677 /* GPUZipCracker */ = {isa = PBXFileReference; explicitFileType = "compiled.mach-o.executable"; includeInIndex = 0; path = GPUZipCracker; sourceTree = BUILT_PRODUCTS_DIR; };
		51BD1F271F8D784100981677 /* main.mm */ = {isa = PBXFileReference; lastKnownFileType = sourcecode.cpp.objcpp; path = main.mm; sourceTree = "<group>"; };
		51BD1F541F8E825400981677 /* Metal.framework */ = {isa = PBXFileReference; lastKnownFileType = wrapper.framework; name = Metal.framework; path = System/Library/Frameworks/Metal.framework; sourceTree = SDKROOT; };
		51BD1F561F8E829D00981677 /* zip_bruteforcer.metal */ = {isa = PBXFileReference; lastKnownFileType = sourcecode.metal; path = zip_bruteforcer.metal; sourceTree = "<group>"; };
		51CFDEAF1F9C73C80004C59B /* ArgumentParser.xcodeproj */ = {isa = PBXFileReference; lastKnownFileType = "wrapper.pb-project"; name = ArgumentParser.xcodeproj; path = ArgumentParser/ArgumentParser.xcodeproj; sourceTree = "<group>"; };
		51CFDECE1F9D33AE0004C59B /* EEGPUZipCracker.h */ = {isa = PBXFileReference; lastKnownFileType = sourcecode.c.h; path = EEGPUZipCracker.h; sourceTree = "<group>"; };
		51CFDECF1F9D33AE0004C59B /* EEGPUZipCracker.mm */ = {isa = PBXFileReference; lastKnownFileType = sourcecode.cpp.objcpp; path = EEGPUZipCracker.mm; sourceTree = "<group>"; };
		51CFDED11F9D474C0004C59B /* cpuDecryptEngine.cpp */ = {isa = PBXFileReference; lastKnownFileType = sourcecode.cpp.cpp; path = cpuDecryptEngine.cpp; sourceTree = "<group>"; };
		51CFDED21F9D474C0004C59B /* cpuDecryptEngine.hpp */ = {isa = PBXFileReference; lastKnownFileType = sourcecode.cpp.h; path = cpuDecryptEngine.hpp; sourceTree = "<group>"; };
		51CFDED41F9D4F850004C59B /* EEZipParser.h */ = {isa = PBXFileReference; lastKnownFileType = sourcecode.c.h; path = EEZipParser.h; sourceTree = "<group>"; };
		51CFDED51F9D4F850004C59B /* EEZipParser.mm */ = {isa = PBXFileReference; lastKnownFileType = sourcecode.cpp.objcpp; path = EEZipParser.mm; sourceTree = "<group>"; };
		51CFDED71F9DB5780004C59B /* README.md */ = {isa = PBXFileReference; lastKnownFileType = net.daringfireball.markdown; path = README.md; sourceTree = SOURCE_ROOT; };
		51CFDED81F9E80030004C59B /* test.zip */ = {isa = PBXFileReference; lastKnownFileType = archive.zip; name = test.zip; path = "GPUZipCracker/Test file/test.zip"; sourceTree = SOURCE_ROOT; };
/* End PBXFileReference section */

/* Begin PBXFrameworksBuildPhase section */
		51BD1F211F8D784100981677 /* Frameworks */ = {
			isa = PBXFrameworksBuildPhase;
			buildActionMask = 2147483647;
			files = (
				51CFDEC41F9C73EB0004C59B /* libArgumentParser-Static.a in Frameworks */,
				51BD1F551F8E825400981677 /* Metal.framework in Frameworks */,
			);
			runOnlyForDeploymentPostprocessing = 0;
		};
/* End PBXFrameworksBuildPhase section */

/* Begin PBXGroup section */
		51BD1F1B1F8D784100981677 = {
			isa = PBXGroup;
			children = (
				51CFDEAF1F9C73C80004C59B /* ArgumentParser.xcodeproj */,
				51BD1F261F8D784100981677 /* GPUZipCracker */,
				51BD1F251F8D784100981677 /* Products */,
				51BD1F531F8E825300981677 /* Frameworks */,
			);
			sourceTree = "<group>";
		};
		51BD1F251F8D784100981677 /* Products */ = {
			isa = PBXGroup;
			children = (
				51BD1F241F8D784100981677 /* GPUZipCracker */,
			);
			name = Products;
			sourceTree = "<group>";
		};
		51BD1F261F8D784100981677 /* GPUZipCracker */ = {
			isa = PBXGroup;
			children = (
				511BAA7B1F985191001A0C83 /* EEGPUZipBruteforcerEngine.h */,
				511BAA7C1F985191001A0C83 /* EEGPUZipBruteforcerEngine.mm */,
				51CFDECE1F9D33AE0004C59B /* EEGPUZipCracker.h */,
				51CFDECF1F9D33AE0004C59B /* EEGPUZipCracker.mm */,
				51CFDED41F9D4F850004C59B /* EEZipParser.h */,
				51CFDED51F9D4F850004C59B /* EEZipParser.mm */,
				51CFDED21F9D474C0004C59B /* cpuDecryptEngine.hpp */,
				51CFDED11F9D474C0004C59B /* cpuDecryptEngine.cpp */,
				51BD1F561F8E829D00981677 /* zip_bruteforcer.metal */,
				511BAA961F9AD992001A0C83 /* crc32_table.metal */,
				51BD1F271F8D784100981677 /* main.mm */,
				51CFDED71F9DB5780004C59B /* README.md */,
				51CFDEE41F9EA3390004C59B /* Test file */,
			);
			path = GPUZipCracker;
			sourceTree = "<group>";
		};
		51BD1F531F8E825300981677 /* Frameworks */ = {
			isa = PBXGroup;
			children = (
				51BD1F541F8E825400981677 /* Metal.framework */,
			);
			name = Frameworks;
			sourceTree = "<group>";
		};
		51CFDEB01F9C73C80004C59B /* Products */ = {
			isa = PBXGroup;
			children = (
				51CFDEB91F9C73C80004C59B /* desc */,
				51CFDEBB1F9C73C80004C59B /* long-desc */,
				51CFDEBD1F9C73C80004C59B /* spiffy */,
				51CFDEBF1F9C73C80004C59B /* ArgumentParser-Dynamic.dylib */,
				51CFDEC11F9C73C80004C59B /* libArgumentParser-Static.a */,
				51CFDEC31F9C73C80004C59B /* ArgumentParser-Dynamic Tests.xctest */,
			);
			name = Products;
			sourceTree = "<group>";
		};
		51CFDEE41F9EA3390004C59B /* Test file */ = {
			isa = PBXGroup;
			children = (
				51CFDED81F9E80030004C59B /* test.zip */,
			);
			path = "Test file";
			sourceTree = "<group>";
		};
/* End PBXGroup section */

/* Begin PBXNativeTarget section */
		51BD1F231F8D784100981677 /* GPUZipCracker */ = {
			isa = PBXNativeTarget;
			buildConfigurationList = 51BD1F2B1F8D784100981677 /* Build configuration list for PBXNativeTarget "GPUZipCracker" */;
			buildPhases = (
				51BD1F201F8D784100981677 /* Sources */,
				51BD1F211F8D784100981677 /* Frameworks */,
				51BD1F221F8D784100981677 /* CopyFiles */,
			);
			buildRules = (
			);
			dependencies = (
			);
			name = GPUZipCracker;
			productName = zipcracker;
			productReference = 51BD1F241F8D784100981677 /* GPUZipCracker */;
			productType = "com.apple.product-type.tool";
		};
/* End PBXNativeTarget section */

/* Begin PBXProject section */
		51BD1F1C1F8D784100981677 /* Project object */ = {
			isa = PBXProject;
			attributes = {
				LastUpgradeCheck = 0900;
				ORGANIZATIONNAME = "Eldad Eilam";
				TargetAttributes = {
					51BD1F231F8D784100981677 = {
						CreatedOnToolsVersion = 9.0;
						ProvisioningStyle = Automatic;
					};
				};
			};
			buildConfigurationList = 51BD1F1F1F8D784100981677 /* Build configuration list for PBXProject "GPUZipCracker" */;
			compatibilityVersion = "Xcode 8.0";
			developmentRegion = en;
			hasScannedForEncodings = 0;
			knownRegions = (
				en,
			);
			mainGroup = 51BD1F1B1F8D784100981677;
			productRefGroup = 51BD1F251F8D784100981677 /* Products */;
			projectDirPath = "";
			projectReferences = (
				{
					ProductGroup = 51CFDEB01F9C73C80004C59B /* Products */;
					ProjectRef = 51CFDEAF1F9C73C80004C59B /* ArgumentParser.xcodeproj */;
				},
			);
			projectRoot = "";
			targets = (
				51BD1F231F8D784100981677 /* GPUZipCracker */,
			);
		};
/* End PBXProject section */

/* Begin PBXReferenceProxy section */
		51CFDEB91F9C73C80004C59B /* desc */ = {
			isa = PBXReferenceProxy;
			fileType = "compiled.mach-o.executable";
			path = desc;
			remoteRef = 51CFDEB81F9C73C80004C59B /* PBXContainerItemProxy */;
			sourceTree = BUILT_PRODUCTS_DIR;
		};
		51CFDEBB1F9C73C80004C59B /* long-desc */ = {
			isa = PBXReferenceProxy;
			fileType = "compiled.mach-o.executable";
			path = "long-desc";
			remoteRef = 51CFDEBA1F9C73C80004C59B /* PBXContainerItemProxy */;
			sourceTree = BUILT_PRODUCTS_DIR;
		};
		51CFDEBD1F9C73C80004C59B /* spiffy */ = {
			isa = PBXReferenceProxy;
			fileType = "compiled.mach-o.executable";
			path = spiffy;
			remoteRef = 51CFDEBC1F9C73C80004C59B /* PBXContainerItemProxy */;
			sourceTree = BUILT_PRODUCTS_DIR;
		};
		51CFDEBF1F9C73C80004C59B /* ArgumentParser-Dynamic.dylib */ = {
			isa = PBXReferenceProxy;
			fileType = "compiled.mach-o.dylib";
			path = "ArgumentParser-Dynamic.dylib";
			remoteRef = 51CFDEBE1F9C73C80004C59B /* PBXContainerItemProxy */;
			sourceTree = BUILT_PRODUCTS_DIR;
		};
		51CFDEC11F9C73C80004C59B /* libArgumentParser-Static.a */ = {
			isa = PBXReferenceProxy;
			fileType = archive.ar;
			path = "libArgumentParser-Static.a";
			remoteRef = 51CFDEC01F9C73C80004C59B /* PBXContainerItemProxy */;
			sourceTree = BUILT_PRODUCTS_DIR;
		};
		51CFDEC31F9C73C80004C59B /* ArgumentParser-Dynamic Tests.xctest */ = {
			isa = PBXReferenceProxy;
			fileType = wrapper.cfbundle;
			path = "ArgumentParser-Dynamic Tests.xctest";
			remoteRef = 51CFDEC21F9C73C80004C59B /* PBXContainerItemProxy */;
			sourceTree = BUILT_PRODUCTS_DIR;
		};
/* End PBXReferenceProxy section */

/* Begin PBXSourcesBuildPhase section */
		51BD1F201F8D784100981677 /* Sources */ = {
			isa = PBXSourcesBuildPhase;
			buildActionMask = 2147483647;
			files = (
				51CFDED01F9D33AE0004C59B /* EEGPUZipCracker.mm in Sources */,
				51CFDECC1F9D22570004C59B /* main.mm in Sources */,
				51BD1F571F8E829D00981677 /* zip_bruteforcer.metal in Sources */,
				511BAA7D1F985191001A0C83 /* EEGPUZipBruteforcerEngine.mm in Sources */,
				51CFDED31F9D474C0004C59B /* cpuDecryptEngine.cpp in Sources */,
				51CFDED61F9D4F850004C59B /* EEZipParser.mm in Sources */,
				511BAA971F9AD992001A0C83 /* crc32_table.metal in Sources */,
			);
			runOnlyForDeploymentPostprocessing = 0;
		};
/* End PBXSourcesBuildPhase section */

/* Begin XCBuildConfiguration section */
		51BD1F291F8D784100981677 /* Debug */ = {
			isa = XCBuildConfiguration;
			buildSettings = {
				ALWAYS_SEARCH_USER_PATHS = NO;
				CLANG_ANALYZER_NONNULL = YES;
				CLANG_ANALYZER_NUMBER_OBJECT_CONVERSION = YES_AGGRESSIVE;
				CLANG_CXX_LANGUAGE_STANDARD = "gnu++14";
				CLANG_CXX_LIBRARY = "libc++";
				CLANG_ENABLE_MODULES = YES;
				CLANG_ENABLE_OBJC_ARC = YES;
				CLANG_WARN_BLOCK_CAPTURE_AUTORELEASING = YES;
				CLANG_WARN_BOOL_CONVERSION = YES;
				CLANG_WARN_COMMA = YES;
				CLANG_WARN_CONSTANT_CONVERSION = YES;
				CLANG_WARN_DIRECT_OBJC_ISA_USAGE = YES_ERROR;
				CLANG_WARN_DOCUMENTATION_COMMENTS = YES;
				CLANG_WARN_EMPTY_BODY = YES;
				CLANG_WARN_ENUM_CONVERSION = YES;
				CLANG_WARN_INFINITE_RECURSION = YES;
				CLANG_WARN_INT_CONVERSION = YES;
				CLANG_WARN_NON_LITERAL_NULL_CONVERSION = YES;
				CLANG_WARN_OBJC_LITERAL_CONVERSION = YES;
				CLANG_WARN_OBJC_ROOT_CLASS = YES_ERROR;
				CLANG_WARN_RANGE_LOOP_ANALYSIS = YES;
				CLANG_WARN_STRICT_PROTOTYPES = YES;
				CLANG_WARN_SUSPICIOUS_MOVE = YES;
				CLANG_WARN_UNGUARDED_AVAILABILITY = YES_AGGRESSIVE;
				CLANG_WARN_UNREACHABLE_CODE = YES;
				CLANG_WARN__DUPLICATE_METHOD_MATCH = YES;
				CODE_SIGN_IDENTITY = "-";
				COPY_PHASE_STRIP = NO;
				DEBUG_INFORMATION_FORMAT = dwarf;
				ENABLE_STRICT_OBJC_MSGSEND = YES;
				ENABLE_TESTABILITY = YES;
				GCC_C_LANGUAGE_STANDARD = gnu11;
				GCC_DYNAMIC_NO_PIC = NO;
				GCC_NO_COMMON_BLOCKS = YES;
				GCC_OPTIMIZATION_LEVEL = fast;
				GCC_PREPROCESSOR_DEFINITIONS = (
					"DEBUG=1",
					"$(inherited)",
					ZIP,
				);
				GCC_WARN_64_TO_32_BIT_CONVERSION = YES;
				GCC_WARN_ABOUT_RETURN_TYPE = YES_ERROR;
				GCC_WARN_UNDECLARED_SELECTOR = YES;
				GCC_WARN_UNINITIALIZED_AUTOS = YES_AGGRESSIVE;
				GCC_WARN_UNUSED_FUNCTION = YES;
				GCC_WARN_UNUSED_VARIABLE = YES;
				MACOSX_DEPLOYMENT_TARGET = 10.13;
				MTL_ENABLE_DEBUG_INFO = YES;
				ONLY_ACTIVE_ARCH = YES;
				SDKROOT = macosx;
			};
			name = Debug;
		};
		51BD1F2A1F8D784100981677 /* Release */ = {
			isa = XCBuildConfiguration;
			buildSettings = {
				ALWAYS_SEARCH_USER_PATHS = NO;
				CLANG_ANALYZER_NONNULL = YES;
				CLANG_ANALYZER_NUMBER_OBJECT_CONVERSION = YES_AGGRESSIVE;
				CLANG_CXX_LANGUAGE_STANDARD = "gnu++14";
				CLANG_CXX_LIBRARY = "libc++";
				CLANG_ENABLE_MODULES = YES;
				CLANG_ENABLE_OBJC_ARC = YES;
				CLANG_WARN_BLOCK_CAPTURE_AUTORELEASING = YES;
				CLANG_WARN_BOOL_CONVERSION = YES;
				CLANG_WARN_COMMA = YES;
				CLANG_WARN_CONSTANT_CONVERSION = YES;
				CLANG_WARN_DIRECT_OBJC_ISA_USAGE = YES_ERROR;
				CLANG_WARN_DOCUMENTATION_COMMENTS = YES;
				CLANG_WARN_EMPTY_BODY = YES;
				CLANG_WARN_ENUM_CONVERSION = YES;
				CLANG_WARN_INFINITE_RECURSION = YES;
				CLANG_WARN_INT_CONVERSION = YES;
				CLANG_WARN_NON_LITERAL_NULL_CONVERSION = YES;
				CLANG_WARN_OBJC_LITERAL_CONVERSION = YES;
				CLANG_WARN_OBJC_ROOT_CLASS = YES_ERROR;
				CLANG_WARN_RANGE_LOOP_ANALYSIS = YES;
				CLANG_WARN_STRICT_PROTOTYPES = YES;
				CLANG_WARN_SUSPICIOUS_MOVE = YES;
				CLANG_WARN_UNGUARDED_AVAILABILITY = YES_AGGRESSIVE;
				CLANG_WARN_UNREACHABLE_CODE = YES;
				CLANG_WARN__DUPLICATE_METHOD_MATCH = YES;
				CODE_SIGN_IDENTITY = "-";
				COPY_PHASE_STRIP = NO;
				DEBUG_INFORMATION_FORMAT = "dwarf-with-dsym";
				ENABLE_NS_ASSERTIONS = NO;
				ENABLE_STRICT_OBJC_MSGSEND = YES;
				GCC_C_LANGUAGE_STANDARD = gnu11;
				GCC_NO_COMMON_BLOCKS = YES;
				GCC_PREPROCESSOR_DEFINITIONS = (
					ZIP,
					"DEBUG=0",
				);
				GCC_WARN_64_TO_32_BIT_CONVERSION = YES;
				GCC_WARN_ABOUT_RETURN_TYPE = YES_ERROR;
				GCC_WARN_UNDECLARED_SELECTOR = YES;
				GCC_WARN_UNINITIALIZED_AUTOS = YES_AGGRESSIVE;
				GCC_WARN_UNUSED_FUNCTION = YES;
				GCC_WARN_UNUSED_VARIABLE = YES;
				MACOSX_DEPLOYMENT_TARGET = 10.13;
				MTL_ENABLE_DEBUG_INFO = NO;
				SDKROOT = macosx;
			};
			name = Release;
		};
		51BD1F2C1F8D784100981677 /* Debug */ = {
			isa = XCBuildConfiguration;
			buildSettings = {
				CLANG_ENABLE_OBJC_WEAK = NO;
				CODE_SIGN_STYLE = Automatic;
				FRAMEWORK_SEARCH_PATHS = "$(SRCROOT)/ArgumentParser/ArgumentParser";
				GCC_OPTIMIZATION_LEVEL = 0;
				HEADER_SEARCH_PATHS = "$(SRCROOT)/ArgumentParser/ArgumentParser";
				OTHER_LDFLAGS = "-ObjC";
				PRODUCT_NAME = "$(TARGET_NAME)";
			};
			name = Debug;
		};
		51BD1F2D1F8D784100981677 /* Release */ = {
			isa = XCBuildConfiguration;
			buildSettings = {
				CLANG_ENABLE_OBJC_WEAK = NO;
				CODE_SIGN_STYLE = Automatic;
				FRAMEWORK_SEARCH_PATHS = "$(SRCROOT)/ArgumentParser/ArgumentParser";
				GCC_OPTIMIZATION_LEVEL = s;
				HEADER_SEARCH_PATHS = "$(SRCROOT)/ArgumentParser/ArgumentParser";
				OTHER_LDFLAGS = "-ObjC";
				PRODUCT_NAME = "$(TARGET_NAME)";
			};
			name = Release;
		};
/* End XCBuildConfiguration section */

/* Begin XCConfigurationList section */
		51BD1F1F1F8D784100981677 /* Build configuration list for PBXProject "GPUZipCracker" */ = {
			isa = XCConfigurationList;
			buildConfigurations = (
				51BD1F291F8D784100981677 /* Debug */,
				51BD1F2A1F8D784100981677 /* Release */,
			);
			defaultConfigurationIsVisible = 0;
			defaultConfigurationName = Release;
		};
		51BD1F2B1F8D784100981677 /* Build configuration list for PBXNativeTarget "GPUZipCracker" */ = {
			isa = XCConfigurationList;
			buildConfigurations = (
				51BD1F2C1F8D784100981677 /* Debug */,
				51BD1F2D1F8D784100981677 /* Release */,
			);
			defaultConfigurationIsVisible = 0;
			defaultConfigurationName = Release;
		};
/* End XCConfigurationList section */
	};
	rootObject = 51BD1F1C1F8D784100981677 /* Project object */;
}
